
Microsoft Visual Studio Solution File, Format Version 12.00
# Visual Studio Version 16
VisualStudioVersion = 16.0.30907.101
MinimumVisualStudioVersion = 10.0.40219.1
Project("{FAE04EC0-301F-11D3-BF4B-00C04F79EFBC}") = "Arrays", "Arrays.csproj", "{6EA8C9D8-6816-4E8E-A7E5-3694A0B824A3}"
EndProject
Global
	GlobalSection(SolutionConfigurationPlatforms) = preSolution
		Debug|Any CPU = Debug|Any CPU
		Release|Any CPU = Release|Any CPU
	EndGlobalSection
	GlobalSection(ProjectConfigurationPlatforms) = postSolution
		{6EA8C9D8-6816-4E8E-A7E5-3694A0B824A3}.Debug|Any CPU.ActiveCfg = Debug|Any CPU
		{6EA8C9D8-6816-4E8E-A7E5-3694A0B824A3}.Debug|Any CPU.Build.0 = Debug|Any CPU
		{6EA8C9D8-6816-4E8E-A7E5-3694A0B824A3}.Release|Any CPU.ActiveCfg = Release|Any CPU
		{6EA8C9D8-6816-4E8E-A7E5-3694A0B824A3}.Release|Any CPU.Build.0 = Release|Any CPU
	EndGlobalSection
	GlobalSection(SolutionProperties) = preSolution
		HideSolutionNode = FALSE
	EndGlobalSection
	GlobalSection(ExtensibilityGlobals) = postSolution
		SolutionGuid = {3F893F60-E86D-4E3E-A970-621F291B4B42}
	EndGlobalSection
EndGlobal
